
Microsoft Visual Studio Solution File, Format Version 12.00
# Visual Studio 15
VisualStudioVersion = 15.0.26228.10
MinimumVisualStudioVersion = 10.0.40219.1
Project("{9A19103F-16F7-4668-BE54-9A1E7A4F7556}") = "Api", "src\Api\Api.csproj", "{F6DE2269-0747-4550-9BFF-512E8264B53F}"
EndProject
Project("{9A19103F-16F7-4668-BE54-9A1E7A4F7556}") = "Cms", "src\Cms\Cms.csproj", "{B12A537A-3F15-4673-BC9F-AABC9E4DC53A}"
EndProject
Project("{9A19103F-16F7-4668-BE54-9A1E7A4F7556}") = "Library", "src\Library\Library.csproj", "{2753A44B-7CDB-4E95-8AB4-A5EBA8676F90}"
EndProject
Project("{9A19103F-16F7-4668-BE54-9A1E7A4F7556}") = "Web", "src\Web\Web.csproj", "{F3F8F72B-AC91-45AD-A949-D6C09B56B096}"
EndProject
Global
	GlobalSection(SolutionConfigurationPlatforms) = preSolution
		Debug|Any CPU = Debug|Any CPU
		Release|Any CPU = Release|Any CPU
	EndGlobalSection
	GlobalSection(ProjectConfigurationPlatforms) = postSolution
		{F6DE2269-0747-4550-9BFF-512E8264B53F}.Debug|Any CPU.ActiveCfg = Debug|Any CPU
		{F6DE2269-0747-4550-9BFF-512E8264B53F}.Debug|Any CPU.Build.0 = Debug|Any CPU
		{F6DE2269-0747-4550-9BFF-512E8264B53F}.Release|Any CPU.ActiveCfg = Release|Any CPU
		{F6DE2269-0747-4550-9BFF-512E8264B53F}.Release|Any CPU.Build.0 = Release|Any CPU
		{B12A537A-3F15-4673-BC9F-AABC9E4DC53A}.Debug|Any CPU.ActiveCfg = Debug|Any CPU
		{B12A537A-3F15-4673-BC9F-AABC9E4DC53A}.Debug|Any CPU.Build.0 = Debug|Any CPU
		{B12A537A-3F15-4673-BC9F-AABC9E4DC53A}.Release|Any CPU.ActiveCfg = Release|Any CPU
		{B12A537A-3F15-4673-BC9F-AABC9E4DC53A}.Release|Any CPU.Build.0 = Release|Any CPU
		{2753A44B-7CDB-4E95-8AB4-A5EBA8676F90}.Debug|Any CPU.ActiveCfg = Debug|Any CPU
		{2753A44B-7CDB-4E95-8AB4-A5EBA8676F90}.Debug|Any CPU.Build.0 = Debug|Any CPU
		{2753A44B-7CDB-4E95-8AB4-A5EBA8676F90}.Release|Any CPU.ActiveCfg = Release|Any CPU
		{2753A44B-7CDB-4E95-8AB4-A5EBA8676F90}.Release|Any CPU.Build.0 = Release|Any CPU
		{F3F8F72B-AC91-45AD-A949-D6C09B56B096}.Debug|Any CPU.ActiveCfg = Debug|Any CPU
		{F3F8F72B-AC91-45AD-A949-D6C09B56B096}.Debug|Any CPU.Build.0 = Debug|Any CPU
		{F3F8F72B-AC91-45AD-A949-D6C09B56B096}.Release|Any CPU.ActiveCfg = Release|Any CPU
		{F3F8F72B-AC91-45AD-A949-D6C09B56B096}.Release|Any CPU.Build.0 = Release|Any CPU
	EndGlobalSection
	GlobalSection(SolutionProperties) = preSolution
		HideSolutionNode = FALSE
	EndGlobalSection
EndGlobal
